
Microsoft Visual Studio Solution File, Format Version 12.00
# Visual Studio Version 16
VisualStudioVersion = 16.0.31205.134
MinimumVisualStudioVersion = 10.0.40219.1
Project("{FAE04EC0-301F-11D3-BF4B-00C04F79EFBC}") = "WebApp", "WebApp.csproj", "{0074D194-3042-4235-BC9E-42EF16BD0357}"
EndProject
Global
	GlobalSection(SolutionConfigurationPlatforms) = preSolution
		Debug|Any CPU = Debug|Any CPU
		Release|Any CPU = Release|Any CPU
	EndGlobalSection
	GlobalSection(ProjectConfigurationPlatforms) = postSolution
		{0074D194-3042-4235-BC9E-42EF16BD0357}.Debug|Any CPU.ActiveCfg = Debug|Any CPU
		{0074D194-3042-4235-BC9E-42EF16BD0357}.Debug|Any CPU.Build.0 = Debug|Any CPU
		{0074D194-3042-4235-BC9E-42EF16BD0357}.Release|Any CPU.ActiveCfg = Release|Any CPU
		{0074D194-3042-4235-BC9E-42EF16BD0357}.Release|Any CPU.Build.0 = Release|Any CPU
	EndGlobalSection
	GlobalSection(SolutionProperties) = preSolution
		HideSolutionNode = FALSE
	EndGlobalSection
	GlobalSection(ExtensibilityGlobals) = postSolution
		SolutionGuid = {26E7A009-0DC3-4E0C-853E-11225AAF654A}
	EndGlobalSection
EndGlobal
